
Microsoft Visual Studio Solution File, Format Version 12.00
# Visual Studio Version 16
VisualStudioVersion = 16.0.33927.289
MinimumVisualStudioVersion = 10.0.40219.1
Project("{8BC9CEB8-8B4A-11D0-8D11-00A0C91BC942}") = "NT", "NT\NT.vcxproj", "{B2B781D5-8DC2-44F5-AD56-904909770CE9}"
EndProject
Global
	GlobalSection(SolutionConfigurationPlatforms) = preSolution
		Debug|ARM = Debug|ARM
		Debug|ARM64 = Debug|ARM64
		Debug|x64 = Debug|x64
		Debug|x86 = Debug|x86
		Release|ARM = Release|ARM
		Release|ARM64 = Release|ARM64
		Release|x64 = Release|x64
		Release|x86 = Release|x86
	EndGlobalSection
	GlobalSection(ProjectConfigurationPlatforms) = postSolution
		{B2B781D5-8DC2-44F5-AD56-904909770CE9}.Debug|ARM.ActiveCfg = Debug|ARM
		{B2B781D5-8DC2-44F5-AD56-904909770CE9}.Debug|ARM.Build.0 = Debug|ARM
		{B2B781D5-8DC2-44F5-AD56-904909770CE9}.Debug|ARM.Deploy.0 = Debug|ARM
		{B2B781D5-8DC2-44F5-AD56-904909770CE9}.Debug|ARM64.ActiveCfg = Debug|ARM64
		{B2B781D5-8DC2-44F5-AD56-904909770CE9}.Debug|ARM64.Build.0 = Debug|ARM64
		{B2B781D5-8DC2-44F5-AD56-904909770CE9}.Debug|ARM64.Deploy.0 = Debug|ARM64
		{B2B781D5-8DC2-44F5-AD56-904909770CE9}.Debug|x64.ActiveCfg = Debug|x64
		{B2B781D5-8DC2-44F5-AD56-904909770CE9}.Debug|x64.Build.0 = Debug|x64
		{B2B781D5-8DC2-44F5-AD56-904909770CE9}.Debug|x64.Deploy.0 = Debug|x64
		{B2B781D5-8DC2-44F5-AD56-904909770CE9}.Debug|x86.ActiveCfg = Debug|Win32
		{B2B781D5-8DC2-44F5-AD56-904909770CE9}.Debug|x86.Build.0 = Debug|Win32
		{B2B781D5-8DC2-44F5-AD56-904909770CE9}.Debug|x86.Deploy.0 = Debug|Win32
		{B2B781D5-8DC2-44F5-AD56-904909770CE9}.Release|ARM.ActiveCfg = Release|ARM
		{B2B781D5-8DC2-44F5-AD56-904909770CE9}.Release|ARM.Build.0 = Release|ARM
		{B2B781D5-8DC2-44F5-AD56-904909770CE9}.Release|ARM.Deploy.0 = Release|ARM
		{B2B781D5-8DC2-44F5-AD56-904909770CE9}.Release|ARM64.ActiveCfg = Release|ARM64
		{B2B781D5-8DC2-44F5-AD56-904909770CE9}.Release|ARM64.Build.0 = Release|ARM64
		{B2B781D5-8DC2-44F5-AD56-904909770CE9}.Release|ARM64.Deploy.0 = Release|ARM64
		{B2B781D5-8DC2-44F5-AD56-904909770CE9}.Release|x64.ActiveCfg = Release|x64
		{B2B781D5-8DC2-44F5-AD56-904909770CE9}.Release|x64.Build.0 = Release|x64
		{B2B781D5-8DC2-44F5-AD56-904909770CE9}.Release|x64.Deploy.0 = Release|x64
		{B2B781D5-8DC2-44F5-AD56-904909770CE9}.Release|x86.ActiveCfg = Release|Win32
		{B2B781D5-8DC2-44F5-AD56-904909770CE9}.Release|x86.Build.0 = Release|Win32
		{B2B781D5-8DC2-44F5-AD56-904909770CE9}.Release|x86.Deploy.0 = Release|Win32
	EndGlobalSection
	GlobalSection(SolutionProperties) = preSolution
		HideSolutionNode = FALSE
	EndGlobalSection
	GlobalSection(ExtensibilityGlobals) = postSolution
		SolutionGuid = {8370FDBA-473E-48C5-9E3B-72E21C4A560C}
	EndGlobalSection
EndGlobal
